{
  "name": "hackthon",
  "version": "0.1.0",
  "lockfileVersion": 1,
  "requires": true,
  "dependencies": {
    "bs-director": {
      "version": "0.0.6",
      "resolved": "https://registry.npmjs.org/bs-director/-/bs-director-0.0.6.tgz",
      "integrity": "sha512-AHuD1aoipRoBi/gC8v7Xpq3odo+MUGy7eoWAOJoWvjWwERenIxkhMzgUxngcreo+pgXJiBEd4raZPpCRyN9uyw==",
      "requires": {
        "director": "1.2.8"
      }
    },
    "director": {
      "version": "1.2.8",
      "resolved": "https://registry.npmjs.org/director/-/director-1.2.8.tgz",
      "integrity": "sha1-xtm03YkOmv9TZRg/6cyOc5lM8tU="
    }
  }
}
